
Microsoft Visual Studio Solution File, Format Version 12.00
# Visual Studio Version 16
VisualStudioVersion = 16.0.31112.23
MinimumVisualStudioVersion = 10.0.40219.1
Project("{FAE04EC0-301F-11D3-BF4B-00C04F79EFBC}") = "TestTask", "TestTask\TestTask.csproj", "{C8B610C5-BD2F-46ED-9CBE-D40C8DF6197B}"
EndProject
Global
	GlobalSection(SolutionConfigurationPlatforms) = preSolution
		Debug|Any CPU = Debug|Any CPU
		Release|Any CPU = Release|Any CPU
	EndGlobalSection
	GlobalSection(ProjectConfigurationPlatforms) = postSolution
		{C8B610C5-BD2F-46ED-9CBE-D40C8DF6197B}.Debug|Any CPU.ActiveCfg = Debug|Any CPU
		{C8B610C5-BD2F-46ED-9CBE-D40C8DF6197B}.Debug|Any CPU.Build.0 = Debug|Any CPU
		{C8B610C5-BD2F-46ED-9CBE-D40C8DF6197B}.Release|Any CPU.ActiveCfg = Release|Any CPU
		{C8B610C5-BD2F-46ED-9CBE-D40C8DF6197B}.Release|Any CPU.Build.0 = Release|Any CPU
	EndGlobalSection
	GlobalSection(SolutionProperties) = preSolution
		HideSolutionNode = FALSE
	EndGlobalSection
	GlobalSection(ExtensibilityGlobals) = postSolution
		SolutionGuid = {B9B79300-6611-4F3F-95B9-F92AE6B5781D}
	EndGlobalSection
EndGlobal
